
Microsoft Visual Studio Solution File, Format Version 12.00
# Visual Studio Version 16
VisualStudioVersion = 16.0.30413.136
MinimumVisualStudioVersion = 10.0.40219.1
Project("{9A19103F-16F7-4668-BE54-9A1E7A4F7556}") = "GIT", "GIT\GIT.csproj", "{97F92029-3E00-479E-909D-348841401CC1}"
EndProject
Project("{FAE04EC0-301F-11D3-BF4B-00C04F79EFBC}") = "Matrix", "Matrix\Matrix.csproj", "{0CF9B5FA-E293-464A-A073-5EB61D0B52A0}"
EndProject
Global
	GlobalSection(SolutionConfigurationPlatforms) = preSolution
		Debug|Any CPU = Debug|Any CPU
		Release|Any CPU = Release|Any CPU
	EndGlobalSection
	GlobalSection(ProjectConfigurationPlatforms) = postSolution
		{97F92029-3E00-479E-909D-348841401CC1}.Debug|Any CPU.ActiveCfg = Debug|Any CPU
		{97F92029-3E00-479E-909D-348841401CC1}.Debug|Any CPU.Build.0 = Debug|Any CPU
		{97F92029-3E00-479E-909D-348841401CC1}.Release|Any CPU.ActiveCfg = Release|Any CPU
		{97F92029-3E00-479E-909D-348841401CC1}.Release|Any CPU.Build.0 = Release|Any CPU
		{0CF9B5FA-E293-464A-A073-5EB61D0B52A0}.Debug|Any CPU.ActiveCfg = Debug|Any CPU
		{0CF9B5FA-E293-464A-A073-5EB61D0B52A0}.Debug|Any CPU.Build.0 = Debug|Any CPU
		{0CF9B5FA-E293-464A-A073-5EB61D0B52A0}.Release|Any CPU.ActiveCfg = Release|Any CPU
		{0CF9B5FA-E293-464A-A073-5EB61D0B52A0}.Release|Any CPU.Build.0 = Release|Any CPU
	EndGlobalSection
	GlobalSection(SolutionProperties) = preSolution
		HideSolutionNode = FALSE
	EndGlobalSection
	GlobalSection(ExtensibilityGlobals) = postSolution
		SolutionGuid = {D6512A34-53B9-4DD9-B5DC-E532D5CC7B88}
	EndGlobalSection
EndGlobal
